
Microsoft Visual Studio Solution File, Format Version 12.00
# Visual Studio Version 16
VisualStudioVersion = 16.0.30523.141
MinimumVisualStudioVersion = 10.0.40219.1
Project("{FAE04EC0-301F-11D3-BF4B-00C04F79EFBC}") = "TRMDataManager", "TRMDataManager\TRMDataManager.csproj", "{18DF9B31-2840-45CC-B8E7-83CE2962EEEE}"
EndProject
Project("{00D1A9C2-B5F0-4AF3-8072-F6C62B433612}") = "TRMData", "TRMData\TRMData.sqlproj", "{5A2BE375-ADB8-4481-A7AD-F7B21975DDBA}"
EndProject
Project("{FAE04EC0-301F-11D3-BF4B-00C04F79EFBC}") = "TRMDesktopUI", "TRMDesktopUI\TRMDesktopUI.csproj", "{25C32CB6-1EE5-4561-90D6-70698C82B322}"
EndProject
Project("{FAE04EC0-301F-11D3-BF4B-00C04F79EFBC}") = "TRMDataManager.LIbrary", "TRMDataManager.LIbrary\TRMDataManager.LIbrary.csproj", "{D1B77E6A-3BB2-4800-8E37-12633E0B7271}"
EndProject
Project("{FAE04EC0-301F-11D3-BF4B-00C04F79EFBC}") = "TRMDesktopUI.Library", "TRMDesktopUI.Library\TRMDesktopUI.Library.csproj", "{0817883D-3F52-42DF-8988-47CA9D2535BC}"
EndProject
Global
	GlobalSection(SolutionConfigurationPlatforms) = preSolution
		Debug|Any CPU = Debug|Any CPU
		Release|Any CPU = Release|Any CPU
	EndGlobalSection
	GlobalSection(ProjectConfigurationPlatforms) = postSolution
		{18DF9B31-2840-45CC-B8E7-83CE2962EEEE}.Debug|Any CPU.ActiveCfg = Debug|Any CPU
		{18DF9B31-2840-45CC-B8E7-83CE2962EEEE}.Debug|Any CPU.Build.0 = Debug|Any CPU
		{18DF9B31-2840-45CC-B8E7-83CE2962EEEE}.Release|Any CPU.ActiveCfg = Release|Any CPU
		{18DF9B31-2840-45CC-B8E7-83CE2962EEEE}.Release|Any CPU.Build.0 = Release|Any CPU
		{5A2BE375-ADB8-4481-A7AD-F7B21975DDBA}.Debug|Any CPU.ActiveCfg = Debug|Any CPU
		{5A2BE375-ADB8-4481-A7AD-F7B21975DDBA}.Debug|Any CPU.Build.0 = Debug|Any CPU
		{5A2BE375-ADB8-4481-A7AD-F7B21975DDBA}.Debug|Any CPU.Deploy.0 = Debug|Any CPU
		{5A2BE375-ADB8-4481-A7AD-F7B21975DDBA}.Release|Any CPU.ActiveCfg = Release|Any CPU
		{5A2BE375-ADB8-4481-A7AD-F7B21975DDBA}.Release|Any CPU.Build.0 = Release|Any CPU
		{5A2BE375-ADB8-4481-A7AD-F7B21975DDBA}.Release|Any CPU.Deploy.0 = Release|Any CPU
		{25C32CB6-1EE5-4561-90D6-70698C82B322}.Debug|Any CPU.ActiveCfg = Debug|Any CPU
		{25C32CB6-1EE5-4561-90D6-70698C82B322}.Debug|Any CPU.Build.0 = Debug|Any CPU
		{25C32CB6-1EE5-4561-90D6-70698C82B322}.Release|Any CPU.ActiveCfg = Release|Any CPU
		{25C32CB6-1EE5-4561-90D6-70698C82B322}.Release|Any CPU.Build.0 = Release|Any CPU
		{D1B77E6A-3BB2-4800-8E37-12633E0B7271}.Debug|Any CPU.ActiveCfg = Debug|Any CPU
		{D1B77E6A-3BB2-4800-8E37-12633E0B7271}.Debug|Any CPU.Build.0 = Debug|Any CPU
		{D1B77E6A-3BB2-4800-8E37-12633E0B7271}.Release|Any CPU.ActiveCfg = Release|Any CPU
		{D1B77E6A-3BB2-4800-8E37-12633E0B7271}.Release|Any CPU.Build.0 = Release|Any CPU
		{0817883D-3F52-42DF-8988-47CA9D2535BC}.Debug|Any CPU.ActiveCfg = Debug|Any CPU
		{0817883D-3F52-42DF-8988-47CA9D2535BC}.Debug|Any CPU.Build.0 = Debug|Any CPU
		{0817883D-3F52-42DF-8988-47CA9D2535BC}.Release|Any CPU.ActiveCfg = Release|Any CPU
		{0817883D-3F52-42DF-8988-47CA9D2535BC}.Release|Any CPU.Build.0 = Release|Any CPU
	EndGlobalSection
	GlobalSection(SolutionProperties) = preSolution
		HideSolutionNode = FALSE
	EndGlobalSection
	GlobalSection(ExtensibilityGlobals) = postSolution
		SolutionGuid = {F6FD9A57-8B7E-47CD-9400-A1F7E5F1498C}
	EndGlobalSection
EndGlobal
